
Microsoft Visual Studio Solution File, Format Version 12.00
# Visual Studio Version 17
VisualStudioVersion = 17.3.32901.215
MinimumVisualStudioVersion = 10.0.40219.1
Project("{F184B08F-C81C-45F6-A57F-5ABD9991F28F}") = "ComienzoTema3-28-9", "ComienzoTema3-28-9\ComienzoTema3-28-9.vbproj", "{7862B9DF-3969-49EA-94C9-9DDB2579E61D}"
EndProject
Global
	GlobalSection(SolutionConfigurationPlatforms) = preSolution
		Debug|Any CPU = Debug|Any CPU
		Release|Any CPU = Release|Any CPU
	EndGlobalSection
	GlobalSection(ProjectConfigurationPlatforms) = postSolution
		{7862B9DF-3969-49EA-94C9-9DDB2579E61D}.Debug|Any CPU.ActiveCfg = Debug|Any CPU
		{7862B9DF-3969-49EA-94C9-9DDB2579E61D}.Debug|Any CPU.Build.0 = Debug|Any CPU
		{7862B9DF-3969-49EA-94C9-9DDB2579E61D}.Release|Any CPU.ActiveCfg = Release|Any CPU
		{7862B9DF-3969-49EA-94C9-9DDB2579E61D}.Release|Any CPU.Build.0 = Release|Any CPU
	EndGlobalSection
	GlobalSection(SolutionProperties) = preSolution
		HideSolutionNode = FALSE
	EndGlobalSection
	GlobalSection(ExtensibilityGlobals) = postSolution
		SolutionGuid = {9B3520BE-C878-4161-82DE-C69F00DBBD8D}
	EndGlobalSection
EndGlobal
